
Microsoft Visual Studio Solution File, Format Version 12.00
# Visual Studio Version 17
VisualStudioVersion = 17.3.32811.315
MinimumVisualStudioVersion = 10.0.40219.1
Project("{9A19103F-16F7-4668-BE54-9A1E7A4F7556}") = "MTransactions", "MTransactions.csproj", "{461D78CA-DC7B-4916-9BEE-EE2358ADE5C6}"
EndProject
Project("{9A19103F-16F7-4668-BE54-9A1E7A4F7556}") = "MTransactions.Service", "..\MTransactions.Service\MTransactions.Service.csproj", "{7E06E545-A235-4CAC-B569-6A3B2728B20E}"
EndProject
Global
	GlobalSection(SolutionConfigurationPlatforms) = preSolution
		Debug|Any CPU = Debug|Any CPU
		Release|Any CPU = Release|Any CPU
	EndGlobalSection
	GlobalSection(ProjectConfigurationPlatforms) = postSolution
		{461D78CA-DC7B-4916-9BEE-EE2358ADE5C6}.Debug|Any CPU.ActiveCfg = Debug|Any CPU
		{461D78CA-DC7B-4916-9BEE-EE2358ADE5C6}.Debug|Any CPU.Build.0 = Debug|Any CPU
		{461D78CA-DC7B-4916-9BEE-EE2358ADE5C6}.Release|Any CPU.ActiveCfg = Release|Any CPU
		{461D78CA-DC7B-4916-9BEE-EE2358ADE5C6}.Release|Any CPU.Build.0 = Release|Any CPU
		{7E06E545-A235-4CAC-B569-6A3B2728B20E}.Debug|Any CPU.ActiveCfg = Debug|Any CPU
		{7E06E545-A235-4CAC-B569-6A3B2728B20E}.Debug|Any CPU.Build.0 = Debug|Any CPU
		{7E06E545-A235-4CAC-B569-6A3B2728B20E}.Release|Any CPU.ActiveCfg = Release|Any CPU
		{7E06E545-A235-4CAC-B569-6A3B2728B20E}.Release|Any CPU.Build.0 = Release|Any CPU
	EndGlobalSection
	GlobalSection(SolutionProperties) = preSolution
		HideSolutionNode = FALSE
	EndGlobalSection
	GlobalSection(ExtensibilityGlobals) = postSolution
		SolutionGuid = {CC4CE467-73AB-4165-B8DE-F514978AA235}
	EndGlobalSection
EndGlobal
